// !$*UTF8*$!
{
	archiveVersion = 1;
	classes = {
	};
	objectVersion = 46;
	objects = {

/* Begin PBXBuildFile section */
		BF357B921BC75BA000D0C072 /* AppDelegate.swift in Sources */ = {isa = PBXBuildFile; fileRef = BF357B911BC75BA000D0C072 /* AppDelegate.swift */; };
		BF357B991BC75BA000D0C072 /* Assets.xcassets in Resources */ = {isa = PBXBuildFile; fileRef = BF357B981BC75BA000D0C072 /* Assets.xcassets */; };
		BF357B9C1BC75BA000D0C072 /* LaunchScreen.storyboard in Resources */ = {isa = PBXBuildFile; fileRef = BF357B9A1BC75BA000D0C072 /* LaunchScreen.storyboard */; };
		BF357BA71BC75BA000D0C072 /* SwiftQwizzTests.swift in Sources */ = {isa = PBXBuildFile; fileRef = BF357BA61BC75BA000D0C072 /* SwiftQwizzTests.swift */; };
		BF357BB21BC75BA000D0C072 /* SwiftQwizzUITests.swift in Sources */ = {isa = PBXBuildFile; fileRef = BF357BB11BC75BA000D0C072 /* SwiftQwizzUITests.swift */; };
		BF357BC01BC75BF100D0C072 /* Quiz.swift in Sources */ = {isa = PBXBuildFile; fileRef = BF357BBF1BC75BF100D0C072 /* Quiz.swift */; settings = {ASSET_TAGS = (); }; };
		BF357BC31BC76E9400D0C072 /* LevelTwoViewController.swift in Sources */ = {isa = PBXBuildFile; fileRef = BF357BC21BC76E9400D0C072 /* LevelTwoViewController.swift */; settings = {ASSET_TAGS = (); }; };
		BF357BC61BC76EC700D0C072 /* HomeViewController.swift in Sources */ = {isa = PBXBuildFile; fileRef = BF357BC51BC76EC700D0C072 /* HomeViewController.swift */; settings = {ASSET_TAGS = (); }; };
		BF357BC81BC76EEC00D0C072 /* LevelOneViewController.swift in Sources */ = {isa = PBXBuildFile; fileRef = BF357BC71BC76EEC00D0C072 /* LevelOneViewController.swift */; settings = {ASSET_TAGS = (); }; };
		BF357BCA1BC76F0500D0C072 /* Main.storyboard in Resources */ = {isa = PBXBuildFile; fileRef = BF357BC91BC76F0500D0C072 /* Main.storyboard */; settings = {ASSET_TAGS = (); }; };
		BF357BCC1BC76F1400D0C072 /* QuestionsDataLevelTwo.plist in Resources */ = {isa = PBXBuildFile; fileRef = BF357BCB1BC76F1400D0C072 /* QuestionsDataLevelTwo.plist */; settings = {ASSET_TAGS = (); }; };
		BF357BCE1BC76F2400D0C072 /* QuestionsData.plist in Resources */ = {isa = PBXBuildFile; fileRef = BF357BCD1BC76F2400D0C072 /* QuestionsData.plist */; settings = {ASSET_TAGS = (); }; };
		BF357BD01BC76F6300D0C072 /* ResultsViewController.swift in Sources */ = {isa = PBXBuildFile; fileRef = BF357BCF1BC76F6300D0C072 /* ResultsViewController.swift */; settings = {ASSET_TAGS = (); }; };
		BF357BD21BC76F6C00D0C072 /* SettingsTableViewController.swift in Sources */ = {isa = PBXBuildFile; fileRef = BF357BD11BC76F6C00D0C072 /* SettingsTableViewController.swift */; settings = {ASSET_TAGS = (); }; };
		BF357BD41BC8A7D400D0C072 /* ChaptersListTableViewController.swift in Sources */ = {isa = PBXBuildFile; fileRef = BF357BD31BC8A7D400D0C072 /* ChaptersListTableViewController.swift */; settings = {ASSET_TAGS = (); }; };
		BF357BD61BC8C67000D0C072 /* logo.png in Resources */ = {isa = PBXBuildFile; fileRef = BF357BD51BC8C67000D0C072 /* logo.png */; settings = {ASSET_TAGS = (); }; };
/* End PBXBuildFile section */

/* Begin PBXContainerItemProxy section */
		BF357BA31BC75BA000D0C072 /* PBXContainerItemProxy */ = {
			isa = PBXContainerItemProxy;
			containerPortal = BF357B861BC75BA000D0C072 /* Project object */;
			proxyType = 1;
			remoteGlobalIDString = BF357B8D1BC75BA000D0C072;
			remoteInfo = SwiftQwizz;
		};
		BF357BAE1BC75BA000D0C072 /* PBXContainerItemProxy */ = {
			isa = PBXContainerItemProxy;
			containerPortal = BF357B861BC75BA000D0C072 /* Project object */;
			proxyType = 1;
			remoteGlobalIDString = BF357B8D1BC75BA000D0C072;
			remoteInfo = SwiftQwizz;
		};
/* End PBXContainerItemProxy section */

/* Begin PBXFileReference section */
		BF357B8E1BC75BA000D0C072 /* SwiftQwizz.app */ = {isa = PBXFileReference; explicitFileType = wrapper.application; includeInIndex = 0; path = SwiftQwizz.app; sourceTree = BUILT_PRODUCTS_DIR; };
		BF357B911BC75BA000D0C072 /* AppDelegate.swift */ = {isa = PBXFileReference; lastKnownFileType = sourcecode.swift; path = AppDelegate.swift; sourceTree = "<group>"; };
		BF357B981BC75BA000D0C072 /* Assets.xcassets */ = {isa = PBXFileReference; lastKnownFileType = folder.assetcatalog; path = Assets.xcassets; sourceTree = "<group>"; };
		BF357B9B1BC75BA000D0C072 /* Base */ = {isa = PBXFileReference; lastKnownFileType = file.storyboard; name = Base; path = Base.lproj/LaunchScreen.storyboard; sourceTree = "<group>"; };
		BF357B9D1BC75BA000D0C072 /* Info.plist */ = {isa = PBXFileReference; lastKnownFileType = text.plist.xml; path = Info.plist; sourceTree = "<group>"; };
		BF357BA21BC75BA000D0C072 /* SwiftQwizzTests.xctest */ = {isa = PBXFileReference; explicitFileType = wrapper.cfbundle; includeInIndex = 0; path = SwiftQwizzTests.xctest; sourceTree = BUILT_PRODUCTS_DIR; };
		BF357BA61BC75BA000D0C072 /* SwiftQwizzTests.swift */ = {isa = PBXFileReference; lastKnownFileType = sourcecode.swift; path = SwiftQwizzTests.swift; sourceTree = "<group>"; };
		BF357BA81BC75BA000D0C072 /* Info.plist */ = {isa = PBXFileReference; lastKnownFileType = text.plist.xml; path = Info.plist; sourceTree = "<group>"; };
		BF357BAD1BC75BA000D0C072 /* SwiftQwizzUITests.xctest */ = {isa = PBXFileReference; explicitFileType = wrapper.cfbundle; includeInIndex = 0; path = SwiftQwizzUITests.xctest; sourceTree = BUILT_PRODUCTS_DIR; };
		BF357BB11BC75BA000D0C072 /* SwiftQwizzUITests.swift */ = {isa = PBXFileReference; lastKnownFileType = sourcecode.swift; path = SwiftQwizzUITests.swift; sourceTree = "<group>"; };
		BF357BB31BC75BA000D0C072 /* Info.plist */ = {isa = PBXFileReference; lastKnownFileType = text.plist.xml; path = Info.plist; sourceTree = "<group>"; };
		BF357BBF1BC75BF100D0C072 /* Quiz.swift */ = {isa = PBXFileReference; fileEncoding = 4; lastKnownFileType = sourcecode.swift; path = Quiz.swift; sourceTree = "<group>"; };
		BF357BC21BC76E9400D0C072 /* LevelTwoViewController.swift */ = {isa = PBXFileReference; fileEncoding = 4; lastKnownFileType = sourcecode.swift; name = LevelTwoViewController.swift; path = SwiftQwizz/LevelTwoViewController.swift; sourceTree = "<group>"; };
		BF357BC51BC76EC700D0C072 /* HomeViewController.swift */ = {isa = PBXFileReference; fileEncoding = 4; lastKnownFileType = sourcecode.swift; name = HomeViewController.swift; path = SwiftQwizz/HomeViewController.swift; sourceTree = "<group>"; };
		BF357BC71BC76EEC00D0C072 /* LevelOneViewController.swift */ = {isa = PBXFileReference; fileEncoding = 4; lastKnownFileType = sourcecode.swift; name = LevelOneViewController.swift; path = SwiftQwizz/LevelOneViewController.swift; sourceTree = "<group>"; };
		BF357BC91BC76F0500D0C072 /* Main.storyboard */ = {isa = PBXFileReference; fileEncoding = 4; lastKnownFileType = file.storyboard; path = Main.storyboard; sourceTree = "<group>"; };
		BF357BCB1BC76F1400D0C072 /* QuestionsDataLevelTwo.plist */ = {isa = PBXFileReference; fileEncoding = 4; lastKnownFileType = text.plist.xml; path = QuestionsDataLevelTwo.plist; sourceTree = "<group>"; };
		BF357BCD1BC76F2400D0C072 /* QuestionsData.plist */ = {isa = PBXFileReference; fileEncoding = 4; lastKnownFileType = text.plist.xml; path = QuestionsData.plist; sourceTree = "<group>"; };
		BF357BCF1BC76F6300D0C072 /* ResultsViewController.swift */ = {isa = PBXFileReference; fileEncoding = 4; lastKnownFileType = sourcecode.swift; name = ResultsViewController.swift; path = SwiftQwizz/ResultsViewController.swift; sourceTree = "<group>"; };
		BF357BD11BC76F6C00D0C072 /* SettingsTableViewController.swift */ = {isa = PBXFileReference; fileEncoding = 4; lastKnownFileType = sourcecode.swift; name = SettingsTableViewController.swift; path = SwiftQwizz/SettingsTableViewController.swift; sourceTree = "<group>"; };
		BF357BD31BC8A7D400D0C072 /* ChaptersListTableViewController.swift */ = {isa = PBXFileReference; fileEncoding = 4; lastKnownFileType = sourcecode.swift; name = ChaptersListTableViewController.swift; path = SwiftQwizz/ChaptersListTableViewController.swift; sourceTree = "<group>"; };
		BF357BD51BC8C67000D0C072 /* logo.png */ = {isa = PBXFileReference; lastKnownFileType = image.png; path = logo.png; sourceTree = "<group>"; };
/* End PBXFileReference section */

/* Begin PBXFrameworksBuildPhase section */
		BF357B8B1BC75BA000D0C072 /* Frameworks */ = {
			isa = PBXFrameworksBuildPhase;
			buildActionMask = 2147483647;
			files = (
			);
			runOnlyForDeploymentPostprocessing = 0;
		};
		BF357B9F1BC75BA000D0C072 /* Frameworks */ = {
			isa = PBXFrameworksBuildPhase;
			buildActionMask = 2147483647;
			files = (
			);
			runOnlyForDeploymentPostprocessing = 0;
		};
		BF357BAA1BC75BA000D0C072 /* Frameworks */ = {
			isa = PBXFrameworksBuildPhase;
			buildActionMask = 2147483647;
			files = (
			);
			runOnlyForDeploymentPostprocessing = 0;
		};
/* End PBXFrameworksBuildPhase section */

/* Begin PBXGroup section */
		BF357B851BC75BA000D0C072 = {
			isa = PBXGroup;
			children = (
				BF357B901BC75BA000D0C072 /* SwiftQwizz */,
				BF357BA51BC75BA000D0C072 /* SwiftQwizzTests */,
				BF357BB01BC75BA000D0C072 /* SwiftQwizzUITests */,
				BF357B8F1BC75BA000D0C072 /* Products */,
			);
			sourceTree = "<group>";
		};
		BF357B8F1BC75BA000D0C072 /* Products */ = {
			isa = PBXGroup;
			children = (
				BF357B8E1BC75BA000D0C072 /* SwiftQwizz.app */,
				BF357BA21BC75BA000D0C072 /* SwiftQwizzTests.xctest */,
				BF357BAD1BC75BA000D0C072 /* SwiftQwizzUITests.xctest */,
			);
			name = Products;
			sourceTree = "<group>";
		};
		BF357B901BC75BA000D0C072 /* SwiftQwizz */ = {
			isa = PBXGroup;
			children = (
				BF357B911BC75BA000D0C072 /* AppDelegate.swift */,
				BF357BC11BC76E0A00D0C072 /* Models */,
				BF357BC41BC76E9F00D0C072 /* Controllers */,
				BF357BC91BC76F0500D0C072 /* Main.storyboard */,
				BF357B981BC75BA000D0C072 /* Assets.xcassets */,
				BF357BD51BC8C67000D0C072 /* logo.png */,
				BF357B9A1BC75BA000D0C072 /* LaunchScreen.storyboard */,
				BF357BCB1BC76F1400D0C072 /* QuestionsDataLevelTwo.plist */,
				BF357BCD1BC76F2400D0C072 /* QuestionsData.plist */,
				BF357B9D1BC75BA000D0C072 /* Info.plist */,
			);
			path = SwiftQwizz;
			sourceTree = "<group>";
		};
		BF357BA51BC75BA000D0C072 /* SwiftQwizzTests */ = {
			isa = PBXGroup;
			children = (
				BF357BA61BC75BA000D0C072 /* SwiftQwizzTests.swift */,
				BF357BA81BC75BA000D0C072 /* Info.plist */,
			);
			path = SwiftQwizzTests;
			sourceTree = "<group>";
		};
		BF357BB01BC75BA000D0C072 /* SwiftQwizzUITests */ = {
			isa = PBXGroup;
			children = (
				BF357BB11BC75BA000D0C072 /* SwiftQwizzUITests.swift */,
				BF357BB31BC75BA000D0C072 /* Info.plist */,
			);
			path = SwiftQwizzUITests;
			sourceTree = "<group>";
		};
		BF357BC11BC76E0A00D0C072 /* Models */ = {
			isa = PBXGroup;
			children = (
				BF357BBF1BC75BF100D0C072 /* Quiz.swift */,
			);
			name = Models;
			sourceTree = "<group>";
		};
		BF357BC41BC76E9F00D0C072 /* Controllers */ = {
			isa = PBXGroup;
			children = (
				BF357BC51BC76EC700D0C072 /* HomeViewController.swift */,
				BF357BD31BC8A7D400D0C072 /* ChaptersListTableViewController.swift */,
				BF357BD11BC76F6C00D0C072 /* SettingsTableViewController.swift */,
				BF357BC71BC76EEC00D0C072 /* LevelOneViewController.swift */,
				BF357BCF1BC76F6300D0C072 /* ResultsViewController.swift */,
				BF357BC21BC76E9400D0C072 /* LevelTwoViewController.swift */,
			);
			name = Controllers;
			path = ..;
			sourceTree = "<group>";
		};
/* End PBXGroup section */

/* Begin PBXNativeTarget section */
		BF357B8D1BC75BA000D0C072 /* SwiftQwizz */ = {
			isa = PBXNativeTarget;
			buildConfigurationList = BF357BB61BC75BA000D0C072 /* Build configuration list for PBXNativeTarget "SwiftQwizz" */;
			buildPhases = (
				BF357B8A1BC75BA000D0C072 /* Sources */,
				BF357B8B1BC75BA000D0C072 /* Frameworks */,
				BF357B8C1BC75BA000D0C072 /* Resources */,
			);
			buildRules = (
			);
			dependencies = (
			);
			name = SwiftQwizz;
			productName = SwiftQwizz;
			productReference = BF357B8E1BC75BA000D0C072 /* SwiftQwizz.app */;
			productType = "com.apple.product-type.application";
		};
		BF357BA11BC75BA000D0C072 /* SwiftQwizzTests */ = {
			isa = PBXNativeTarget;
			buildConfigurationList = BF357BB91BC75BA000D0C072 /* Build configuration list for PBXNativeTarget "SwiftQwizzTests" */;
			buildPhases = (
				BF357B9E1BC75BA000D0C072 /* Sources */,
				BF357B9F1BC75BA000D0C072 /* Frameworks */,
				BF357BA01BC75BA000D0C072 /* Resources */,
			);
			buildRules = (
			);
			dependencies = (
				BF357BA41BC75BA000D0C072 /* PBXTargetDependency */,
			);
			name = SwiftQwizzTests;
			productName = SwiftQwizzTests;
			productReference = BF357BA21BC75BA000D0C072 /* SwiftQwizzTests.xctest */;
			productType = "com.apple.product-type.bundle.unit-test";
		};
		BF357BAC1BC75BA000D0C072 /* SwiftQwizzUITests */ = {
			isa = PBXNativeTarget;
			buildConfigurationList = BF357BBC1BC75BA000D0C072 /* Build configuration list for PBXNativeTarget "SwiftQwizzUITests" */;
			buildPhases = (
				BF357BA91BC75BA000D0C072 /* Sources */,
				BF357BAA1BC75BA000D0C072 /* Frameworks */,
				BF357BAB1BC75BA000D0C072 /* Resources */,
			);
			buildRules = (
			);
			dependencies = (
				BF357BAF1BC75BA000D0C072 /* PBXTargetDependency */,
			);
			name = SwiftQwizzUITests;
			productName = SwiftQwizzUITests;
			productReference = BF357BAD1BC75BA000D0C072 /* SwiftQwizzUITests.xctest */;
			productType = "com.apple.product-type.bundle.ui-testing";
		};
/* End PBXNativeTarget section */

/* Begin PBXProject section */
		BF357B861BC75BA000D0C072 /* Project object */ = {
			isa = PBXProject;
			attributes = {
				LastUpgradeCheck = 0700;
				ORGANIZATIONNAME = "Alberto Vega Gonzalez";
				TargetAttributes = {
					BF357B8D1BC75BA000D0C072 = {
						CreatedOnToolsVersion = 7.0;
					};
					BF357BA11BC75BA000D0C072 = {
						CreatedOnToolsVersion = 7.0;
						TestTargetID = BF357B8D1BC75BA000D0C072;
					};
					BF357BAC1BC75BA000D0C072 = {
						CreatedOnToolsVersion = 7.0;
						TestTargetID = BF357B8D1BC75BA000D0C072;
					};
				};
			};
			buildConfigurationList = BF357B891BC75BA000D0C072 /* Build configuration list for PBXProject "SwiftQwizz" */;
			compatibilityVersion = "Xcode 3.2";
			developmentRegion = English;
			hasScannedForEncodings = 0;
			knownRegions = (
				en,
				Base,
			);
			mainGroup = BF357B851BC75BA000D0C072;
			productRefGroup = BF357B8F1BC75BA000D0C072 /* Products */;
			projectDirPath = "";
			projectRoot = "";
			targets = (
				BF357B8D1BC75BA000D0C072 /* SwiftQwizz */,
				BF357BA11BC75BA000D0C072 /* SwiftQwizzTests */,
				BF357BAC1BC75BA000D0C072 /* SwiftQwizzUITests */,
			);
		};
/* End PBXProject section */

/* Begin PBXResourcesBuildPhase section */
		BF357B8C1BC75BA000D0C072 /* Resources */ = {
			isa = PBXResourcesBuildPhase;
			buildActionMask = 2147483647;
			files = (
				BF357B9C1BC75BA000D0C072 /* LaunchScreen.storyboard in Resources */,
				BF357B991BC75BA000D0C072 /* Assets.xcassets in Resources */,
				BF357BD61BC8C67000D0C072 /* logo.png in Resources */,
				BF357BCC1BC76F1400D0C072 /* QuestionsDataLevelTwo.plist in Resources */,
				BF357BCE1BC76F2400D0C072 /* QuestionsData.plist in Resources */,
				BF357BCA1BC76F0500D0C072 /* Main.storyboard in Resources */,
			);
			runOnlyForDeploymentPostprocessing = 0;
		};
		BF357BA01BC75BA000D0C072 /* Resources */ = {
			isa = PBXResourcesBuildPhase;
			buildActionMask = 2147483647;
			files = (
			);
			runOnlyForDeploymentPostprocessing = 0;
		};
		BF357BAB1BC75BA000D0C072 /* Resources */ = {
			isa = PBXResourcesBuildPhase;
			buildActionMask = 2147483647;
			files = (
			);
			runOnlyForDeploymentPostprocessing = 0;
		};
/* End PBXResourcesBuildPhase section */

/* Begin PBXSourcesBuildPhase section */
		BF357B8A1BC75BA000D0C072 /* Sources */ = {
			isa = PBXSourcesBuildPhase;
			buildActionMask = 2147483647;
			files = (
				BF357BC61BC76EC700D0C072 /* HomeViewController.swift in Sources */,
				BF357BC31BC76E9400D0C072 /* LevelTwoViewController.swift in Sources */,
				BF357BC81BC76EEC00D0C072 /* LevelOneViewController.swift in Sources */,
				BF357BD01BC76F6300D0C072 /* ResultsViewController.swift in Sources */,
				BF357BD21BC76F6C00D0C072 /* SettingsTableViewController.swift in Sources */,
				BF357BD41BC8A7D400D0C072 /* ChaptersListTableViewController.swift in Sources */,
				BF357B921BC75BA000D0C072 /* AppDelegate.swift in Sources */,
				BF357BC01BC75BF100D0C072 /* Quiz.swift in Sources */,
			);
			runOnlyForDeploymentPostprocessing = 0;
		};
		BF357B9E1BC75BA000D0C072 /* Sources */ = {
			isa = PBXSourcesBuildPhase;
			buildActionMask = 2147483647;
			files = (
				BF357BA71BC75BA000D0C072 /* SwiftQwizzTests.swift in Sources */,
			);
			runOnlyForDeploymentPostprocessing = 0;
		};
		BF357BA91BC75BA000D0C072 /* Sources */ = {
			isa = PBXSourcesBuildPhase;
			buildActionMask = 2147483647;
			files = (
				BF357BB21BC75BA000D0C072 /* SwiftQwizzUITests.swift in Sources */,
			);
			runOnlyForDeploymentPostprocessing = 0;
		};
/* End PBXSourcesBuildPhase section */

/* Begin PBXTargetDependency section */
		BF357BA41BC75BA000D0C072 /* PBXTargetDependency */ = {
			isa = PBXTargetDependency;
			target = BF357B8D1BC75BA000D0C072 /* SwiftQwizz */;
			targetProxy = BF357BA31BC75BA000D0C072 /* PBXContainerItemProxy */;
		};
		BF357BAF1BC75BA000D0C072 /* PBXTargetDependency */ = {
			isa = PBXTargetDependency;
			target = BF357B8D1BC75BA000D0C072 /* SwiftQwizz */;
			targetProxy = BF357BAE1BC75BA000D0C072 /* PBXContainerItemProxy */;
		};
/* End PBXTargetDependency section */

/* Begin PBXVariantGroup section */
		BF357B9A1BC75BA000D0C072 /* LaunchScreen.storyboard */ = {
			isa = PBXVariantGroup;
			children = (
				BF357B9B1BC75BA000D0C072 /* Base */,
			);
			name = LaunchScreen.storyboard;
			sourceTree = "<group>";
		};
/* End PBXVariantGroup section */

/* Begin XCBuildConfiguration section */
		BF357BB41BC75BA000D0C072 /* Debug */ = {
			isa = XCBuildConfiguration;
			buildSettings = {
				ALWAYS_SEARCH_USER_PATHS = NO;
				CLANG_CXX_LANGUAGE_STANDARD = "gnu++0x";
				CLANG_CXX_LIBRARY = "libc++";
				CLANG_ENABLE_MODULES = YES;
				CLANG_ENABLE_OBJC_ARC = YES;
				CLANG_WARN_BOOL_CONVERSION = YES;
				CLANG_WARN_CONSTANT_CONVERSION = YES;
				CLANG_WARN_DIRECT_OBJC_ISA_USAGE = YES_ERROR;
				CLANG_WARN_EMPTY_BODY = YES;
				CLANG_WARN_ENUM_CONVERSION = YES;
				CLANG_WARN_INT_CONVERSION = YES;
				CLANG_WARN_OBJC_ROOT_CLASS = YES_ERROR;
				CLANG_WARN_UNREACHABLE_CODE = YES;
				CLANG_WARN__DUPLICATE_METHOD_MATCH = YES;
				"CODE_SIGN_IDENTITY[sdk=iphoneos*]" = "iPhone Developer";
				COPY_PHASE_STRIP = NO;
				DEBUG_INFORMATION_FORMAT = dwarf;
				ENABLE_STRICT_OBJC_MSGSEND = YES;
				ENABLE_TESTABILITY = YES;
				GCC_C_LANGUAGE_STANDARD = gnu99;
				GCC_DYNAMIC_NO_PIC = NO;
				GCC_NO_COMMON_BLOCKS = YES;
				GCC_OPTIMIZATION_LEVEL = 0;
				GCC_PREPROCESSOR_DEFINITIONS = (
					"DEBUG=1",
					"$(inherited)",
				);
				GCC_WARN_64_TO_32_BIT_CONVERSION = YES;
				GCC_WARN_ABOUT_RETURN_TYPE = YES_ERROR;
				GCC_WARN_UNDECLARED_SELECTOR = YES;
				GCC_WARN_UNINITIALIZED_AUTOS = YES_AGGRESSIVE;
				GCC_WARN_UNUSED_FUNCTION = YES;
				GCC_WARN_UNUSED_VARIABLE = YES;
				IPHONEOS_DEPLOYMENT_TARGET = 9.0;
				MTL_ENABLE_DEBUG_INFO = YES;
				ONLY_ACTIVE_ARCH = YES;
				SDKROOT = iphoneos;
				SWIFT_OPTIMIZATION_LEVEL = "-Onone";
				TARGETED_DEVICE_FAMILY = "1,2";
			};
			name = Debug;
		};
		BF357BB51BC75BA000D0C072 /* Release */ = {
			isa = XCBuildConfiguration;
			buildSettings = {
				ALWAYS_SEARCH_USER_PATHS = NO;
				CLANG_CXX_LANGUAGE_STANDARD = "gnu++0x";
				CLANG_CXX_LIBRARY = "libc++";
				CLANG_ENABLE_MODULES = YES;
				CLANG_ENABLE_OBJC_ARC = YES;
				CLANG_WARN_BOOL_CONVERSION = YES;
				CLANG_WARN_CONSTANT_CONVERSION = YES;
				CLANG_WARN_DIRECT_OBJC_ISA_USAGE = YES_ERROR;
				CLANG_WARN_EMPTY_BODY = YES;
				CLANG_WARN_ENUM_CONVERSION = YES;
				CLANG_WARN_INT_CONVERSION = YES;
				CLANG_WARN_OBJC_ROOT_CLASS = YES_ERROR;
				CLANG_WARN_UNREACHABLE_CODE = YES;
				CLANG_WARN__DUPLICATE_METHOD_MATCH = YES;
				"CODE_SIGN_IDENTITY[sdk=iphoneos*]" = "iPhone Developer";
				COPY_PHASE_STRIP = NO;
				DEBUG_INFORMATION_FORMAT = "dwarf-with-dsym";
				ENABLE_NS_ASSERTIONS = NO;
				ENABLE_STRICT_OBJC_MSGSEND = YES;
				GCC_C_LANGUAGE_STANDARD = gnu99;
				GCC_NO_COMMON_BLOCKS = YES;
				GCC_WARN_64_TO_32_BIT_CONVERSION = YES;
				GCC_WARN_ABOUT_RETURN_TYPE = YES_ERROR;
				GCC_WARN_UNDECLARED_SELECTOR = YES;
				GCC_WARN_UNINITIALIZED_AUTOS = YES_AGGRESSIVE;
				GCC_WARN_UNUSED_FUNCTION = YES;
				GCC_WARN_UNUSED_VARIABLE = YES;
				IPHONEOS_DEPLOYMENT_TARGET = 9.0;
				MTL_ENABLE_DEBUG_INFO = NO;
				SDKROOT = iphoneos;
				TARGETED_DEVICE_FAMILY = "1,2";
				VALIDATE_PRODUCT = YES;
			};
			name = Release;
		};
		BF357BB71BC75BA000D0C072 /* Debug */ = {
			isa = XCBuildConfiguration;
			buildSettings = {
				ASSETCATALOG_COMPILER_APPICON_NAME = AppIcon;
				INFOPLIST_FILE = SwiftQwizz/Info.plist;
				LD_RUNPATH_SEARCH_PATHS = "$(inherited) @executable_path/Frameworks";
				PRODUCT_BUNDLE_IDENTIFIER = com.example.SwiftQwizz;
				PRODUCT_NAME = "$(TARGET_NAME)";
			};
			name = Debug;
		};
		BF357BB81BC75BA000D0C072 /* Release */ = {
			isa = XCBuildConfiguration;
			buildSettings = {
				ASSETCATALOG_COMPILER_APPICON_NAME = AppIcon;
				INFOPLIST_FILE = SwiftQwizz/Info.plist;
				LD_RUNPATH_SEARCH_PATHS = "$(inherited) @executable_path/Frameworks";
				PRODUCT_BUNDLE_IDENTIFIER = com.example.SwiftQwizz;
				PRODUCT_NAME = "$(TARGET_NAME)";
			};
			name = Release;
		};
		BF357BBA1BC75BA000D0C072 /* Debug */ = {
			isa = XCBuildConfiguration;
			buildSettings = {
				BUNDLE_LOADER = "$(TEST_HOST)";
				INFOPLIST_FILE = SwiftQwizzTests/Info.plist;
				LD_RUNPATH_SEARCH_PATHS = "$(inherited) @executable_path/Frameworks @loader_path/Frameworks";
				PRODUCT_BUNDLE_IDENTIFIER = com.example.SwiftQwizzTests;
				PRODUCT_NAME = "$(TARGET_NAME)";
				TEST_HOST = "$(BUILT_PRODUCTS_DIR)/SwiftQwizz.app/SwiftQwizz";
			};
			name = Debug;
		};
		BF357BBB1BC75BA000D0C072 /* Release */ = {
			isa = XCBuildConfiguration;
			buildSettings = {
				BUNDLE_LOADER = "$(TEST_HOST)";
				INFOPLIST_FILE = SwiftQwizzTests/Info.plist;
				LD_RUNPATH_SEARCH_PATHS = "$(inherited) @executable_path/Frameworks @loader_path/Frameworks";
				PRODUCT_BUNDLE_IDENTIFIER = com.example.SwiftQwizzTests;
				PRODUCT_NAME = "$(TARGET_NAME)";
				TEST_HOST = "$(BUILT_PRODUCTS_DIR)/SwiftQwizz.app/SwiftQwizz";
			};
			name = Release;
		};
		BF357BBD1BC75BA000D0C072 /* Debug */ = {
			isa = XCBuildConfiguration;
			buildSettings = {
				INFOPLIST_FILE = SwiftQwizzUITests/Info.plist;
				LD_RUNPATH_SEARCH_PATHS = "$(inherited) @executable_path/Frameworks @loader_path/Frameworks";
				PRODUCT_BUNDLE_IDENTIFIER = com.example.SwiftQwizzUITests;
				PRODUCT_NAME = "$(TARGET_NAME)";
				TEST_TARGET_NAME = SwiftQwizz;
				USES_XCTRUNNER = YES;
			};
			name = Debug;
		};
		BF357BBE1BC75BA000D0C072 /* Release */ = {
			isa = XCBuildConfiguration;
			buildSettings = {
				INFOPLIST_FILE = SwiftQwizzUITests/Info.plist;
				LD_RUNPATH_SEARCH_PATHS = "$(inherited) @executable_path/Frameworks @loader_path/Frameworks";
				PRODUCT_BUNDLE_IDENTIFIER = com.example.SwiftQwizzUITests;
				PRODUCT_NAME = "$(TARGET_NAME)";
				TEST_TARGET_NAME = SwiftQwizz;
				USES_XCTRUNNER = YES;
			};
			name = Release;
		};
/* End XCBuildConfiguration section */

/* Begin XCConfigurationList section */
		BF357B891BC75BA000D0C072 /* Build configuration list for PBXProject "SwiftQwizz" */ = {
			isa = XCConfigurationList;
			buildConfigurations = (
				BF357BB41BC75BA000D0C072 /* Debug */,
				BF357BB51BC75BA000D0C072 /* Release */,
			);
			defaultConfigurationIsVisible = 0;
			defaultConfigurationName = Release;
		};
		BF357BB61BC75BA000D0C072 /* Build configuration list for PBXNativeTarget "SwiftQwizz" */ = {
			isa = XCConfigurationList;
			buildConfigurations = (
				BF357BB71BC75BA000D0C072 /* Debug */,
				BF357BB81BC75BA000D0C072 /* Release */,
			);
			defaultConfigurationIsVisible = 0;
			defaultConfigurationName = Release;
		};
		BF357BB91BC75BA000D0C072 /* Build configuration list for PBXNativeTarget "SwiftQwizzTests" */ = {
			isa = XCConfigurationList;
			buildConfigurations = (
				BF357BBA1BC75BA000D0C072 /* Debug */,
				BF357BBB1BC75BA000D0C072 /* Release */,
			);
			defaultConfigurationIsVisible = 0;
			defaultConfigurationName = Release;
		};
		BF357BBC1BC75BA000D0C072 /* Build configuration list for PBXNativeTarget "SwiftQwizzUITests" */ = {
			isa = XCConfigurationList;
			buildConfigurations = (
				BF357BBD1BC75BA000D0C072 /* Debug */,
				BF357BBE1BC75BA000D0C072 /* Release */,
			);
			defaultConfigurationIsVisible = 0;
			defaultConfigurationName = Release;
		};
/* End XCConfigurationList section */
	};
	rootObject = BF357B861BC75BA000D0C072 /* Project object */;
}
